// !$*UTF8*$!
{
	archiveVersion = 1;
	classes = {
	};
	objectVersion = 46;
	objects = {

/* Begin PBXBuildFile section */
		FBC374A81E568D2A00D4609C /* AppDelegate.swift in Sources */ = {isa = PBXBuildFile; fileRef = FBC374A71E568D2A00D4609C /* AppDelegate.swift */; };
		FBC374AA1E568D2A00D4609C /* ViewController.swift in Sources */ = {isa = PBXBuildFile; fileRef = FBC374A91E568D2A00D4609C /* ViewController.swift */; };
		FBC374AD1E568D2A00D4609C /* Main.storyboard in Resources */ = {isa = PBXBuildFile; fileRef = FBC374AB1E568D2A00D4609C /* Main.storyboard */; };
		FBC374AF1E568D2A00D4609C /* Assets.xcassets in Resources */ = {isa = PBXBuildFile; fileRef = FBC374AE1E568D2A00D4609C /* Assets.xcassets */; };
		FBC374B21E568D2A00D4609C /* LaunchScreen.storyboard in Resources */ = {isa = PBXBuildFile; fileRef = FBC374B01E568D2A00D4609C /* LaunchScreen.storyboard */; };
/* End PBXBuildFile section */

/* Begin PBXFileReference section */
		FBC374A41E568D2A00D4609C /* tarea_03.app */ = {isa = PBXFileReference; explicitFileType = wrapper.application; includeInIndex = 0; path = tarea_03.app; sourceTree = BUILT_PRODUCTS_DIR; };
		FBC374A71E568D2A00D4609C /* AppDelegate.swift */ = {isa = PBXFileReference; lastKnownFileType = sourcecode.swift; path = AppDelegate.swift; sourceTree = "<group>"; };
		FBC374A91E568D2A00D4609C /* ViewController.swift */ = {isa = PBXFileReference; lastKnownFileType = sourcecode.swift; path = ViewController.swift; sourceTree = "<group>"; };
		FBC374AC1E568D2A00D4609C /* Base */ = {isa = PBXFileReference; lastKnownFileType = file.storyboard; name = Base; path = Base.lproj/Main.storyboard; sourceTree = "<group>"; };
		FBC374AE1E568D2A00D4609C /* Assets.xcassets */ = {isa = PBXFileReference; lastKnownFileType = folder.assetcatalog; path = Assets.xcassets; sourceTree = "<group>"; };
		FBC374B11E568D2A00D4609C /* Base */ = {isa = PBXFileReference; lastKnownFileType = file.storyboard; name = Base; path = Base.lproj/LaunchScreen.storyboard; sourceTree = "<group>"; };
		FBC374B31E568D2A00D4609C /* Info.plist */ = {isa = PBXFileReference; lastKnownFileType = text.plist.xml; path = Info.plist; sourceTree = "<group>"; };
/* End PBXFileReference section */

/* Begin PBXFrameworksBuildPhase section */
		FBC374A11E568D2A00D4609C /* Frameworks */ = {
			isa = PBXFrameworksBuildPhase;
			buildActionMask = 2147483647;
			files = (
			);
			runOnlyForDeploymentPostprocessing = 0;
		};
/* End PBXFrameworksBuildPhase section */

/* Begin PBXGroup section */
		FBC3749B1E568D2A00D4609C = {
			isa = PBXGroup;
			children = (
				FBC374A61E568D2A00D4609C /* tarea_03 */,
				FBC374A51E568D2A00D4609C /* Products */,
			);
			sourceTree = "<group>";
		};
		FBC374A51E568D2A00D4609C /* Products */ = {
			isa = PBXGroup;
			children = (
				FBC374A41E568D2A00D4609C /* tarea_03.app */,
			);
			name = Products;
			sourceTree = "<group>";
		};
		FBC374A61E568D2A00D4609C /* tarea_03 */ = {
			isa = PBXGroup;
			children = (
				FBC374A71E568D2A00D4609C /* AppDelegate.swift */,
				FBC374A91E568D2A00D4609C /* ViewController.swift */,
				FBC374AB1E568D2A00D4609C /* Main.storyboard */,
				FBC374AE1E568D2A00D4609C /* Assets.xcassets */,
				FBC374B01E568D2A00D4609C /* LaunchScreen.storyboard */,
				FBC374B31E568D2A00D4609C /* Info.plist */,
			);
			path = tarea_03;
			sourceTree = "<group>";
		};
/* End PBXGroup section */

/* Begin PBXNativeTarget section */
		FBC374A31E568D2A00D4609C /* tarea_03 */ = {
			isa = PBXNativeTarget;
			buildConfigurationList = FBC374B61E568D2A00D4609C /* Build configuration list for PBXNativeTarget "tarea_03" */;
			buildPhases = (
				FBC374A01E568D2A00D4609C /* Sources */,
				FBC374A11E568D2A00D4609C /* Frameworks */,
				FBC374A21E568D2A00D4609C /* Resources */,
			);
			buildRules = (
			);
			dependencies = (
			);
			name = tarea_03;
			productName = tarea_03;
			productReference = FBC374A41E568D2A00D4609C /* tarea_03.app */;
			productType = "com.apple.product-type.application";
		};
/* End PBXNativeTarget section */

/* Begin PBXProject section */
		FBC3749C1E568D2A00D4609C /* Project object */ = {
			isa = PBXProject;
			attributes = {
				LastSwiftUpdateCheck = 0800;
				LastUpgradeCheck = 0800;
				ORGANIZATIONNAME = alumno;
				TargetAttributes = {
					FBC374A31E568D2A00D4609C = {
						CreatedOnToolsVersion = 8.0;
						ProvisioningStyle = Automatic;
					};
				};
			};
			buildConfigurationList = FBC3749F1E568D2A00D4609C /* Build configuration list for PBXProject "tarea_03" */;
			compatibilityVersion = "Xcode 3.2";
			developmentRegion = English;
			hasScannedForEncodings = 0;
			knownRegions = (
				en,
				Base,
			);
			mainGroup = FBC3749B1E568D2A00D4609C;
			productRefGroup = FBC374A51E568D2A00D4609C /* Products */;
			projectDirPath = "";
			projectRoot = "";
			targets = (
				FBC374A31E568D2A00D4609C /* tarea_03 */,
			);
		};
/* End PBXProject section */

/* Begin PBXResourcesBuildPhase section */
		FBC374A21E568D2A00D4609C /* Resources */ = {
			isa = PBXResourcesBuildPhase;
			buildActionMask = 2147483647;
			files = (
				FBC374B21E568D2A00D4609C /* LaunchScreen.storyboard in Resources */,
				FBC374AF1E568D2A00D4609C /* Assets.xcassets in Resources */,
				FBC374AD1E568D2A00D4609C /* Main.storyboard in Resources */,
			);
			runOnlyForDeploymentPostprocessing = 0;
		};
/* End PBXResourcesBuildPhase section */

/* Begin PBXSourcesBuildPhase section */
		FBC374A01E568D2A00D4609C /* Sources */ = {
			isa = PBXSourcesBuildPhase;
			buildActionMask = 2147483647;
			files = (
				FBC374AA1E568D2A00D4609C /* ViewController.swift in Sources */,
				FBC374A81E568D2A00D4609C /* AppDelegate.swift in Sources */,
			);
			runOnlyForDeploymentPostprocessing = 0;
		};
/* End PBXSourcesBuildPhase section */

/* Begin PBXVariantGroup section */
		FBC374AB1E568D2A00D4609C /* Main.storyboard */ = {
			isa = PBXVariantGroup;
			children = (
				FBC374AC1E568D2A00D4609C /* Base */,
			);
			name = Main.storyboard;
			sourceTree = "<group>";
		};
		FBC374B01E568D2A00D4609C /* LaunchScreen.storyboard */ = {
			isa = PBXVariantGroup;
			children = (
				FBC374B11E568D2A00D4609C /* Base */,
			);
			name = LaunchScreen.storyboard;
			sourceTree = "<group>";
		};
/* End PBXVariantGroup section */

/* Begin XCBuildConfiguration section */
		FBC374B41E568D2A00D4609C /* Debug */ = {
			isa = XCBuildConfiguration;
			buildSettings = {
				ALWAYS_SEARCH_USER_PATHS = NO;
				CLANG_ANALYZER_NONNULL = YES;
				CLANG_CXX_LANGUAGE_STANDARD = "gnu++0x";
				CLANG_CXX_LIBRARY = "libc++";
				CLANG_ENABLE_MODULES = YES;
				CLANG_ENABLE_OBJC_ARC = YES;
				CLANG_WARN_BOOL_CONVERSION = YES;
				CLANG_WARN_CONSTANT_CONVERSION = YES;
				CLANG_WARN_DIRECT_OBJC_ISA_USAGE = YES_ERROR;
				CLANG_WARN_DOCUMENTATION_COMMENTS = YES;
				CLANG_WARN_EMPTY_BODY = YES;
				CLANG_WARN_ENUM_CONVERSION = YES;
				CLANG_WARN_INFINITE_RECURSION = YES;
				CLANG_WARN_INT_CONVERSION = YES;
				CLANG_WARN_OBJC_ROOT_CLASS = YES_ERROR;
				CLANG_WARN_SUSPICIOUS_MOVES = YES;
				CLANG_WARN_UNREACHABLE_CODE = YES;
				CLANG_WARN__DUPLICATE_METHOD_MATCH = YES;
				"CODE_SIGN_IDENTITY[sdk=iphoneos*]" = "iPhone Developer";
				COPY_PHASE_STRIP = NO;
				DEBUG_INFORMATION_FORMAT = dwarf;
				ENABLE_STRICT_OBJC_MSGSEND = YES;
				ENABLE_TESTABILITY = YES;
				GCC_C_LANGUAGE_STANDARD = gnu99;
				GCC_DYNAMIC_NO_PIC = NO;
				GCC_NO_COMMON_BLOCKS = YES;
				GCC_OPTIMIZATION_LEVEL = 0;
				GCC_PREPROCESSOR_DEFINITIONS = (
					"DEBUG=1",
					"$(inherited)",
				);
				GCC_WARN_64_TO_32_BIT_CONVERSION = YES;
				GCC_WARN_ABOUT_RETURN_TYPE = YES_ERROR;
				GCC_WARN_UNDECLARED_SELECTOR = YES;
				GCC_WARN_UNINITIALIZED_AUTOS = YES_AGGRESSIVE;
				GCC_WARN_UNUSED_FUNCTION = YES;
				GCC_WARN_UNUSED_VARIABLE = YES;
				IPHONEOS_DEPLOYMENT_TARGET = 10.0;
				MTL_ENABLE_DEBUG_INFO = YES;
				ONLY_ACTIVE_ARCH = YES;
				SDKROOT = iphoneos;
				SWIFT_ACTIVE_COMPILATION_CONDITIONS = DEBUG;
				SWIFT_OPTIMIZATION_LEVEL = "-Onone";
				TARGETED_DEVICE_FAMILY = "1,2";
			};
			name = Debug;
		};
		FBC374B51E568D2A00D4609C /* Release */ = {
			isa = XCBuildConfiguration;
			buildSettings = {
				ALWAYS_SEARCH_USER_PATHS = NO;
				CLANG_ANALYZER_NONNULL = YES;
				CLANG_CXX_LANGUAGE_STANDARD = "gnu++0x";
				CLANG_CXX_LIBRARY = "libc++";
				CLANG_ENABLE_MODULES = YES;
				CLANG_ENABLE_OBJC_ARC = YES;
				CLANG_WARN_BOOL_CONVERSION = YES;
				CLANG_WARN_CONSTANT_CONVERSION = YES;
				CLANG_WARN_DIRECT_OBJC_ISA_USAGE = YES_ERROR;
				CLANG_WARN_DOCUMENTATION_COMMENTS = YES;
				CLANG_WARN_EMPTY_BODY = YES;
				CLANG_WARN_ENUM_CONVERSION = YES;
				CLANG_WARN_INFINITE_RECURSION = YES;
				CLANG_WARN_INT_CONVERSION = YES;
				CLANG_WARN_OBJC_ROOT_CLASS = YES_ERROR;
				CLANG_WARN_SUSPICIOUS_MOVES = YES;
				CLANG_WARN_UNREACHABLE_CODE = YES;
				CLANG_WARN__DUPLICATE_METHOD_MATCH = YES;
				"CODE_SIGN_IDENTITY[sdk=iphoneos*]" = "iPhone Developer";
				COPY_PHASE_STRIP = NO;
				DEBUG_INFORMATION_FORMAT = "dwarf-with-dsym";
				ENABLE_NS_ASSERTIONS = NO;
				ENABLE_STRICT_OBJC_MSGSEND = YES;
				GCC_C_LANGUAGE_STANDARD = gnu99;
				GCC_NO_COMMON_BLOCKS = YES;
				GCC_WARN_64_TO_32_BIT_CONVERSION = YES;
				GCC_WARN_ABOUT_RETURN_TYPE = YES_ERROR;
				GCC_WARN_UNDECLARED_SELECTOR = YES;
				GCC_WARN_UNINITIALIZED_AUTOS = YES_AGGRESSIVE;
				GCC_WARN_UNUSED_FUNCTION = YES;
				GCC_WARN_UNUSED_VARIABLE = YES;
				IPHONEOS_DEPLOYMENT_TARGET = 10.0;
				MTL_ENABLE_DEBUG_INFO = NO;
				SDKROOT = iphoneos;
				SWIFT_OPTIMIZATION_LEVEL = "-Owholemodule";
				TARGETED_DEVICE_FAMILY = "1,2";
				VALIDATE_PRODUCT = YES;
			};
			name = Release;
		};
		FBC374B71E568D2A00D4609C /* Debug */ = {
			isa = XCBuildConfiguration;
			buildSettings = {
				ASSETCATALOG_COMPILER_APPICON_NAME = AppIcon;
				INFOPLIST_FILE = tarea_03/Info.plist;
				LD_RUNPATH_SEARCH_PATHS = "$(inherited) @executable_path/Frameworks";
				PRODUCT_BUNDLE_IDENTIFIER = "pe.area51.tarea-03";
				PRODUCT_NAME = "$(TARGET_NAME)";
				SWIFT_VERSION = 3.0;
			};
			name = Debug;
		};
		FBC374B81E568D2A00D4609C /* Release */ = {
			isa = XCBuildConfiguration;
			buildSettings = {
				ASSETCATALOG_COMPILER_APPICON_NAME = AppIcon;
				INFOPLIST_FILE = tarea_03/Info.plist;
				LD_RUNPATH_SEARCH_PATHS = "$(inherited) @executable_path/Frameworks";
				PRODUCT_BUNDLE_IDENTIFIER = "pe.area51.tarea-03";
				PRODUCT_NAME = "$(TARGET_NAME)";
				SWIFT_VERSION = 3.0;
			};
			name = Release;
		};
/* End XCBuildConfiguration section */

/* Begin XCConfigurationList section */
		FBC3749F1E568D2A00D4609C /* Build configuration list for PBXProject "tarea_03" */ = {
			isa = XCConfigurationList;
			buildConfigurations = (
				FBC374B41E568D2A00D4609C /* Debug */,
				FBC374B51E568D2A00D4609C /* Release */,
			);
			defaultConfigurationIsVisible = 0;
			defaultConfigurationName = Release;
		};
		FBC374B61E568D2A00D4609C /* Build configuration list for PBXNativeTarget "tarea_03" */ = {
			isa = XCConfigurationList;
			buildConfigurations = (
				FBC374B71E568D2A00D4609C /* Debug */,
				FBC374B81E568D2A00D4609C /* Release */,
			);
			defaultConfigurationIsVisible = 0;
		};
/* End XCConfigurationList section */
	};
	rootObject = FBC3749C1E568D2A00D4609C /* Project object */;
}
